
Microsoft Visual Studio Solution File, Format Version 12.00
# Visual Studio 15
VisualStudioVersion = 15.0.27703.2047
MinimumVisualStudioVersion = 10.0.40219.1
Project("{FAE04EC0-301F-11D3-BF4B-00C04F79EFBC}") = "PdfFromForm", "PdfFromForm.csproj", "{3797E162-0976-47D1-B2B0-77CD7FE1DAB0}"
EndProject
Global
	GlobalSection(SolutionConfigurationPlatforms) = preSolution
		Debug|Any CPU = Debug|Any CPU
		Release|Any CPU = Release|Any CPU
	EndGlobalSection
	GlobalSection(ProjectConfigurationPlatforms) = postSolution
		{3797E162-0976-47D1-B2B0-77CD7FE1DAB0}.Debug|Any CPU.ActiveCfg = Debug|Any CPU
		{3797E162-0976-47D1-B2B0-77CD7FE1DAB0}.Debug|Any CPU.Build.0 = Debug|Any CPU
		{3797E162-0976-47D1-B2B0-77CD7FE1DAB0}.Release|Any CPU.ActiveCfg = Release|Any CPU
		{3797E162-0976-47D1-B2B0-77CD7FE1DAB0}.Release|Any CPU.Build.0 = Release|Any CPU
	EndGlobalSection
	GlobalSection(SolutionProperties) = preSolution
		HideSolutionNode = FALSE
	EndGlobalSection
	GlobalSection(ExtensibilityGlobals) = postSolution
		SolutionGuid = {BDBFF1D9-8C71-4F53-B5CD-1E53F28A84A1}
	EndGlobalSection
EndGlobal
